
Microsoft Visual Studio Solution File, Format Version 12.00
# Visual Studio Version 17
VisualStudioVersion = 17.13.36105.23 d17.13
MinimumVisualStudioVersion = 10.0.40219.1
Project("{FAE04EC0-301F-11D3-BF4B-00C04F79EFBC}") = "IDF_Operation", "IDF_Operation.csproj", "{0A860F75-63C2-4C52-83F9-0870232C50EA}"
EndProject
Global
	GlobalSection(SolutionConfigurationPlatforms) = preSolution
		Debug|Any CPU = Debug|Any CPU
		Release|Any CPU = Release|Any CPU
	EndGlobalSection
	GlobalSection(ProjectConfigurationPlatforms) = postSolution
		{0A860F75-63C2-4C52-83F9-0870232C50EA}.Debug|Any CPU.ActiveCfg = Debug|Any CPU
		{0A860F75-63C2-4C52-83F9-0870232C50EA}.Debug|Any CPU.Build.0 = Debug|Any CPU
		{0A860F75-63C2-4C52-83F9-0870232C50EA}.Release|Any CPU.ActiveCfg = Release|Any CPU
		{0A860F75-63C2-4C52-83F9-0870232C50EA}.Release|Any CPU.Build.0 = Release|Any CPU
	EndGlobalSection
	GlobalSection(SolutionProperties) = preSolution
		HideSolutionNode = FALSE
	EndGlobalSection
	GlobalSection(ExtensibilityGlobals) = postSolution
		SolutionGuid = {0725D211-AB51-427C-A84F-25543C143357}
	EndGlobalSection
EndGlobal
